
Microsoft Visual Studio Solution File, Format Version 12.00
# Visual Studio Version 16
VisualStudioVersion = 16.0.29424.173
MinimumVisualStudioVersion = 10.0.40219.1
Project("{FAE04EC0-301F-11D3-BF4B-00C04F79EFBC}") = "Boss_UPS_Training", "Boss_UPS_Training\Boss_UPS_Training.csproj", "{7854F8E1-B77A-4633-8FD0-14DDCCA9D39C}"
EndProject
Global
	GlobalSection(SolutionConfigurationPlatforms) = preSolution
		Debug|Any CPU = Debug|Any CPU
		Release|Any CPU = Release|Any CPU
	EndGlobalSection
	GlobalSection(ProjectConfigurationPlatforms) = postSolution
		{7854F8E1-B77A-4633-8FD0-14DDCCA9D39C}.Debug|Any CPU.ActiveCfg = Debug|Any CPU
		{7854F8E1-B77A-4633-8FD0-14DDCCA9D39C}.Debug|Any CPU.Build.0 = Debug|Any CPU
		{7854F8E1-B77A-4633-8FD0-14DDCCA9D39C}.Release|Any CPU.ActiveCfg = Release|Any CPU
		{7854F8E1-B77A-4633-8FD0-14DDCCA9D39C}.Release|Any CPU.Build.0 = Release|Any CPU
	EndGlobalSection
	GlobalSection(SolutionProperties) = preSolution
		HideSolutionNode = FALSE
	EndGlobalSection
	GlobalSection(ExtensibilityGlobals) = postSolution
		SolutionGuid = {BC489C48-C62B-4062-AA10-009820CCB3B6}
	EndGlobalSection
	GlobalSection(TeamFoundationVersionControl) = preSolution
		SccNumberOfProjects = 2
		SccEnterpriseProvider = {4CA58AB2-18FA-4F8D-95D4-32DDF27D184C}
		SccTeamFoundationServer = https://dev.azure.com/balabhaskarpatnala0425
		SccLocalPath0 = .
		SccProjectUniqueName1 = Boss_UPS_Training\\Boss_UPS_Training.csproj
		SccProjectName1 = Boss_UPS_Training
		SccLocalPath1 = Boss_UPS_Training
	EndGlobalSection
EndGlobal
